// !$*UTF8*$!
{
	archiveVersion = 1;
	classes = {
	};
	objectVersion = 110;
	objects = {

/* Begin PBXFileReference section */
		45158B2C2FDA464B00EF6C65 /* Monitor.app */ = {isa = PBXFileReference; explicitFileType = wrapper.application; includeInIndex = 0; name = Monitor.app; path = MemBar.app; sourceTree = BUILT_PRODUCTS_DIR; };
		A10000022FDA500100EF6C65 /* MemBarTests.xctest */ = {isa = PBXFileReference; explicitFileType = wrapper.cfbundle; includeInIndex = 0; path = MemBarTests.xctest; sourceTree = BUILT_PRODUCTS_DIR; };
		A10000032FDA500100EF6C65 /* XCTest.framework */ = {isa = PBXFileReference; lastKnownFileType = wrapper.framework; name = XCTest.framework; path = System/Library/Frameworks/XCTest.framework; sourceTree = SDKROOT; };
/* End PBXFileReference section */

/* Begin PBXFileSystemSynchronizedRootGroup section */
		45158B2E2FDA464B00EF6C65 /* Monitor */ = {
			isa = PBXFileSystemSynchronizedRootGroup;
			path = Monitor;
			sourceTree = "<group>";
		};
		A10000012FDA500100EF6C65 /* MonitorTests */ = {
			isa = PBXFileSystemSynchronizedRootGroup;
			path = MonitorTests;
			sourceTree = "<group>";
		};
/* End PBXFileSystemSynchronizedRootGroup section */

/* Begin PBXBuildFile section */
		A10000042FDA500100EF6C65 /* XCTest.framework in Frameworks */ = {isa = PBXBuildFile; fileRef = A10000032FDA500100EF6C65 /* XCTest.framework */; };
/* End PBXBuildFile section */

/* Begin PBXFrameworksBuildPhase section */
		45158B292FDA464B00EF6C65 /* Frameworks */ = {
			isa = PBXFrameworksBuildPhase;
			files = (
			);
		};
		A10000052FDA500100EF6C65 /* Frameworks */ = {
			isa = PBXFrameworksBuildPhase;
			files = (
				A10000042FDA500100EF6C65 /* XCTest.framework in Frameworks */,
			);
		};
/* End PBXFrameworksBuildPhase section */

/* Begin PBXGroup section */
		45158B232FDA464B00EF6C65 = {
			isa = PBXGroup;
			children = (
				45158B2E2FDA464B00EF6C65 /* Monitor */,
				A10000012FDA500100EF6C65 /* MonitorTests */,
				45158B2D2FDA464B00EF6C65 /* Products */,
			);
			sourceTree = "<group>";
		};
		45158B2D2FDA464B00EF6C65 /* Products */ = {
			isa = PBXGroup;
			children = (
				45158B2C2FDA464B00EF6C65 /* Monitor.app */,
				A10000022FDA500100EF6C65 /* MemBarTests.xctest */,
			);
			name = Products;
			sourceTree = "<group>";
		};
/* End PBXGroup section */

/* Begin PBXNativeTarget section */
		45158B2B2FDA464B00EF6C65 /* Monitor */ = {
			isa = PBXNativeTarget;
			buildConfigurationList = 45158B372FDA464D00EF6C65 /* Build configuration list for PBXNativeTarget "Monitor" */;
			buildPhases = (
				45158B282FDA464B00EF6C65 /* Sources */,
				45158B292FDA464B00EF6C65 /* Frameworks */,
				45158B2A2FDA464B00EF6C65 /* Resources */,
			);
			buildRules = (
			);
			fileSystemSynchronizedGroups = (
				45158B2E2FDA464B00EF6C65 /* Monitor */,
			);
			name = Monitor;
			productName = Monitor;
			productReference = 45158B2C2FDA464B00EF6C65 /* Monitor.app */;
			productType = "com.apple.product-type.application";
		};
		A10000082FDA500100EF6C65 /* MemBarTests */ = {
			isa = PBXNativeTarget;
			buildConfigurationList = A100000D2FDA500100EF6C65 /* Build configuration list for PBXNativeTarget "MemBarTests" */;
			buildPhases = (
				A10000072FDA500100EF6C65 /* Sources */,
				A10000052FDA500100EF6C65 /* Frameworks */,
				A10000062FDA500100EF6C65 /* Resources */,
			);
			buildRules = (
			);
			dependencies = (
				A100000A2FDA500100EF6C65 /* PBXTargetDependency */,
			);
			fileSystemSynchronizedGroups = (
				A10000012FDA500100EF6C65 /* MonitorTests */,
			);
			name = MemBarTests;
			productName = MemBarTests;
			productReference = A10000022FDA500100EF6C65 /* MemBarTests.xctest */;
			productType = "com.apple.product-type.bundle.unit-test";
		};
/* End PBXNativeTarget section */

/* Begin PBXProject section */
		45158B242FDA464B00EF6C65 /* Project object */ = {
			isa = PBXProject;
			attributes = {
				BuildIndependentTargetsInParallel = 1;
				LastSwiftUpdateCheck = 2700;
				LastUpgradeCheck = 2700;
				TargetAttributes = {
					45158B2B2FDA464B00EF6C65 = {
						CreatedOnToolsVersion = 27.0;
					};
					A10000082FDA500100EF6C65 = {
						CreatedOnToolsVersion = 27.0;
						TestTargetID = 45158B2B2FDA464B00EF6C65;
					};
				};
			};
			buildConfigurationList = 45158B272FDA464B00EF6C65 /* Build configuration list for PBXProject "Monitor" */;
			developmentRegion = en;
			hasScannedForEncodings = 0;
			knownRegions = (
				en,
				Base,
			);
			mainGroup = 45158B232FDA464B00EF6C65;
			minimizedProjectReferenceProxies = 1;
			preferredProjectObjectVersion = 77;
			productRefGroup = 45158B2D2FDA464B00EF6C65 /* Products */;
			projectDirPath = "";
			projectRoot = "";
			targets = (
				45158B2B2FDA464B00EF6C65 /* Monitor */,
				A10000082FDA500100EF6C65 /* MemBarTests */,
			);
		};
/* End PBXProject section */

/* Begin PBXContainerItemProxy section */
		A10000092FDA500100EF6C65 /* PBXContainerItemProxy */ = {
			isa = PBXContainerItemProxy;
			containerPortal = 45158B242FDA464B00EF6C65 /* Project object */;
			proxyType = 1;
			remoteGlobalIDString = 45158B2B2FDA464B00EF6C65;
			remoteInfo = Monitor;
		};
/* End PBXContainerItemProxy section */

/* Begin PBXResourcesBuildPhase section */
		45158B2A2FDA464B00EF6C65 /* Resources */ = {
			isa = PBXResourcesBuildPhase;
			files = (
			);
		};
		A10000062FDA500100EF6C65 /* Resources */ = {
			isa = PBXResourcesBuildPhase;
			files = (
			);
		};
/* End PBXResourcesBuildPhase section */

/* Begin PBXSourcesBuildPhase section */
		45158B282FDA464B00EF6C65 /* Sources */ = {
			isa = PBXSourcesBuildPhase;
			files = (
			);
		};
		A10000072FDA500100EF6C65 /* Sources */ = {
			isa = PBXSourcesBuildPhase;
			files = (
			);
		};
/* End PBXSourcesBuildPhase section */

/* Begin PBXTargetDependency section */
		A100000A2FDA500100EF6C65 /* PBXTargetDependency */ = {
			isa = PBXTargetDependency;
			target = 45158B2B2FDA464B00EF6C65 /* Monitor */;
			targetProxy = A10000092FDA500100EF6C65 /* PBXContainerItemProxy */;
		};
/* End PBXTargetDependency section */

/* Begin XCBuildConfiguration section */
		45158B352FDA464D00EF6C65 /* Debug configuration for PBXProject "Monitor" */ = {
			isa = XCBuildConfiguration;
			buildSettings = {
				ALWAYS_SEARCH_USER_PATHS = NO;
				ASSETCATALOG_COMPILER_GENERATE_SWIFT_ASSET_SYMBOL_EXTENSIONS = YES;
				CLANG_ANALYZER_NONNULL = YES;
				CLANG_ANALYZER_NUMBER_OBJECT_CONVERSION = YES_AGGRESSIVE;
				CLANG_CXX_LANGUAGE_STANDARD = "gnu++20";
				CLANG_ENABLE_MODULES = YES;
				CLANG_ENABLE_OBJC_ARC = YES;
				CLANG_ENABLE_OBJC_WEAK = YES;
				CLANG_WARN_BLOCK_CAPTURE_AUTORELEASING = YES;
				CLANG_WARN_BOOL_CONVERSION = YES;
				CLANG_WARN_COMMA = YES;
				CLANG_WARN_CONSTANT_CONVERSION = YES;
				CLANG_WARN_DEPRECATED_OBJC_IMPLEMENTATIONS = YES;
				CLANG_WARN_DIRECT_OBJC_ISA_USAGE = YES_ERROR;
				CLANG_WARN_DOCUMENTATION_COMMENTS = YES;
				CLANG_WARN_EMPTY_BODY = YES;
				CLANG_WARN_ENUM_CONVERSION = YES;
				CLANG_WARN_INFINITE_RECURSION = YES;
				CLANG_WARN_INT_CONVERSION = YES;
				CLANG_WARN_NON_LITERAL_NULL_CONVERSION = YES;
				CLANG_WARN_OBJC_IMPLICIT_RETAIN_SELF = YES;
				CLANG_WARN_OBJC_LITERAL_CONVERSION = YES;
				CLANG_WARN_OBJC_ROOT_CLASS = YES_ERROR;
				CLANG_WARN_QUOTED_INCLUDE_IN_FRAMEWORK_HEADER = YES;
				CLANG_WARN_RANGE_LOOP_ANALYSIS = YES;
				CLANG_WARN_STRICT_PROTOTYPES = YES;
				CLANG_WARN_SUSPICIOUS_MOVE = YES;
				CLANG_WARN_UNGUARDED_AVAILABILITY = YES_AGGRESSIVE;
				CLANG_WARN_UNREACHABLE_CODE = YES;
				CLANG_WARN__DUPLICATE_METHOD_MATCH = YES;
				COPY_PHASE_STRIP = NO;
				DEBUG_INFORMATION_FORMAT = dwarf;
				ENABLE_STRICT_OBJC_MSGSEND = YES;
				ENABLE_TESTABILITY = YES;
				ENABLE_USER_SCRIPT_SANDBOXING = YES;
				GCC_C_LANGUAGE_STANDARD = gnu17;
				GCC_DYNAMIC_NO_PIC = NO;
				GCC_NO_COMMON_BLOCKS = YES;
				GCC_OPTIMIZATION_LEVEL = 0;
				GCC_PREPROCESSOR_DEFINITIONS = (
					"DEBUG=1",
					"$(inherited)",
				);
				GCC_WARN_64_TO_32_BIT_CONVERSION = YES;
				GCC_WARN_ABOUT_RETURN_TYPE = YES_ERROR;
				GCC_WARN_UNDECLARED_SELECTOR = YES;
				GCC_WARN_UNINITIALIZED_AUTOS = YES_AGGRESSIVE;
				GCC_WARN_UNUSED_FUNCTION = YES;
				GCC_WARN_UNUSED_VARIABLE = YES;
				LOCALIZATION_PREFERS_STRING_CATALOGS = YES;
				MACOSX_DEPLOYMENT_TARGET = 15.0;
				MTL_ENABLE_DEBUG_INFO = INCLUDE_SOURCE;
				MTL_FAST_MATH = YES;
				ONLY_ACTIVE_ARCH = YES;
				SDKROOT = macosx;
				SWIFT_ACTIVE_COMPILATION_CONDITIONS = "DEBUG $(inherited)";
				SWIFT_OPTIMIZATION_LEVEL = "-Onone";
			};
			name = Debug;
		};
		45158B362FDA464D00EF6C65 /* Release configuration for PBXProject "Monitor" */ = {
			isa = XCBuildConfiguration;
			buildSettings = {
				ALWAYS_SEARCH_USER_PATHS = NO;
				ASSETCATALOG_COMPILER_GENERATE_SWIFT_ASSET_SYMBOL_EXTENSIONS = YES;
				CLANG_ANALYZER_NONNULL = YES;
				CLANG_ANALYZER_NUMBER_OBJECT_CONVERSION = YES_AGGRESSIVE;
				CLANG_CXX_LANGUAGE_STANDARD = "gnu++20";
				CLANG_ENABLE_MODULES = YES;
				CLANG_ENABLE_OBJC_ARC = YES;
				CLANG_ENABLE_OBJC_WEAK = YES;
				CLANG_WARN_BLOCK_CAPTURE_AUTORELEASING = YES;
				CLANG_WARN_BOOL_CONVERSION = YES;
				CLANG_WARN_COMMA = YES;
				CLANG_WARN_CONSTANT_CONVERSION = YES;
				CLANG_WARN_DEPRECATED_OBJC_IMPLEMENTATIONS = YES;
				CLANG_WARN_DIRECT_OBJC_ISA_USAGE = YES_ERROR;
				CLANG_WARN_DOCUMENTATION_COMMENTS = YES;
				CLANG_WARN_EMPTY_BODY = YES;
				CLANG_WARN_ENUM_CONVERSION = YES;
				CLANG_WARN_INFINITE_RECURSION = YES;
				CLANG_WARN_INT_CONVERSION = YES;
				CLANG_WARN_NON_LITERAL_NULL_CONVERSION = YES;
				CLANG_WARN_OBJC_IMPLICIT_RETAIN_SELF = YES;
				CLANG_WARN_OBJC_LITERAL_CONVERSION = YES;
				CLANG_WARN_OBJC_ROOT_CLASS = YES_ERROR;
				CLANG_WARN_QUOTED_INCLUDE_IN_FRAMEWORK_HEADER = YES;
				CLANG_WARN_RANGE_LOOP_ANALYSIS = YES;
				CLANG_WARN_STRICT_PROTOTYPES = YES;
				CLANG_WARN_SUSPICIOUS_MOVE = YES;
				CLANG_WARN_UNGUARDED_AVAILABILITY = YES_AGGRESSIVE;
				CLANG_WARN_UNREACHABLE_CODE = YES;
				CLANG_WARN__DUPLICATE_METHOD_MATCH = YES;
				COPY_PHASE_STRIP = NO;
				DEBUG_INFORMATION_FORMAT = "dwarf-with-dsym";
				ENABLE_NS_ASSERTIONS = NO;
				ENABLE_STRICT_OBJC_MSGSEND = YES;
				ENABLE_USER_SCRIPT_SANDBOXING = YES;
				GCC_C_LANGUAGE_STANDARD = gnu17;
				GCC_NO_COMMON_BLOCKS = YES;
				GCC_WARN_64_TO_32_BIT_CONVERSION = YES;
				GCC_WARN_ABOUT_RETURN_TYPE = YES_ERROR;
				GCC_WARN_UNDECLARED_SELECTOR = YES;
				GCC_WARN_UNINITIALIZED_AUTOS = YES_AGGRESSIVE;
				GCC_WARN_UNUSED_FUNCTION = YES;
				GCC_WARN_UNUSED_VARIABLE = YES;
				LOCALIZATION_PREFERS_STRING_CATALOGS = YES;
				MACOSX_DEPLOYMENT_TARGET = 15.0;
				MTL_ENABLE_DEBUG_INFO = NO;
				MTL_FAST_MATH = YES;
				SDKROOT = macosx;
				SWIFT_COMPILATION_MODE = wholemodule;
			};
			name = Release;
		};
		45158B382FDA464D00EF6C65 /* Debug configuration for PBXNativeTarget "Monitor" */ = {
			isa = XCBuildConfiguration;
			buildSettings = {
				ASSETCATALOG_COMPILER_APPICON_NAME = AppIcon;
				ASSETCATALOG_COMPILER_GLOBAL_ACCENT_COLOR_NAME = AccentColor;
				CODE_SIGN_STYLE = Automatic;
				COMBINE_HIDPI_IMAGES = YES;
					CURRENT_PROJECT_VERSION = 6;
				ENABLE_APP_SANDBOX = YES;
				ENABLE_PREVIEWS = YES;
				ENABLE_USER_SELECTED_FILES = readonly;
				GENERATE_INFOPLIST_FILE = YES;
				INFOPLIST_KEY_LSUIElement = YES;
				INFOPLIST_KEY_NSHumanReadableCopyright = "";
				LD_RUNPATH_SEARCH_PATHS = (
					"$(inherited)",
					"@executable_path/../Frameworks",
				);
					MARKETING_VERSION = 1.1.2;
				PRODUCT_BUNDLE_IDENTIFIER = com.banana.MemBar;
				PRODUCT_NAME = MemBar;
				REGISTER_APP_GROUPS = YES;
				STRING_CATALOG_GENERATE_SYMBOLS = YES;
				SWIFT_APPROACHABLE_CONCURRENCY = YES;
				SWIFT_DEFAULT_ACTOR_ISOLATION = MainActor;
				SWIFT_EMIT_LOC_STRINGS = NO;
				SWIFT_UPCOMING_FEATURE_MEMBER_IMPORT_VISIBILITY = YES;
				SWIFT_VERSION = 6.0;
			};
			name = Debug;
		};
		45158B392FDA464D00EF6C65 /* Release configuration for PBXNativeTarget "Monitor" */ = {
			isa = XCBuildConfiguration;
			buildSettings = {
				ASSETCATALOG_COMPILER_APPICON_NAME = AppIcon;
				ASSETCATALOG_COMPILER_GLOBAL_ACCENT_COLOR_NAME = AccentColor;
				CODE_SIGN_STYLE = Automatic;
				COMBINE_HIDPI_IMAGES = YES;
					CURRENT_PROJECT_VERSION = 6;
				ENABLE_APP_SANDBOX = YES;
				ENABLE_PREVIEWS = YES;
				ENABLE_USER_SELECTED_FILES = readonly;
				GENERATE_INFOPLIST_FILE = YES;
				INFOPLIST_KEY_LSUIElement = YES;
				INFOPLIST_KEY_NSHumanReadableCopyright = "";
				LD_RUNPATH_SEARCH_PATHS = (
					"$(inherited)",
					"@executable_path/../Frameworks",
				);
					MARKETING_VERSION = 1.1.2;
				PRODUCT_BUNDLE_IDENTIFIER = com.banana.MemBar;
				PRODUCT_NAME = MemBar;
				REGISTER_APP_GROUPS = YES;
				STRING_CATALOG_GENERATE_SYMBOLS = YES;
				SWIFT_APPROACHABLE_CONCURRENCY = YES;
				SWIFT_DEFAULT_ACTOR_ISOLATION = MainActor;
				SWIFT_EMIT_LOC_STRINGS = NO;
				SWIFT_UPCOMING_FEATURE_MEMBER_IMPORT_VISIBILITY = YES;
				SWIFT_VERSION = 6.0;
			};
			name = Release;
		};
		A100000B2FDA500100EF6C65 /* Debug configuration for PBXNativeTarget "MemBarTests" */ = {
			isa = XCBuildConfiguration;
			buildSettings = {
				BUNDLE_LOADER = "$(TEST_HOST)";
				CODE_SIGN_STYLE = Automatic;
				CURRENT_PROJECT_VERSION = 3;
				GENERATE_INFOPLIST_FILE = YES;
				LD_RUNPATH_SEARCH_PATHS = (
					"$(inherited)",
					"@loader_path/../Frameworks",
					"@loader_path/../../Frameworks",
				);
				MACOSX_DEPLOYMENT_TARGET = 15.0;
				PRODUCT_BUNDLE_IDENTIFIER = com.banana.MemBarTests;
				PRODUCT_NAME = MemBarTests;
				SWIFT_EMIT_LOC_STRINGS = NO;
				SWIFT_VERSION = 6.0;
				TEST_HOST = "$(BUILT_PRODUCTS_DIR)/MemBar.app/Contents/MacOS/MemBar";
			};
			name = Debug;
		};
		A100000C2FDA500100EF6C65 /* Release configuration for PBXNativeTarget "MemBarTests" */ = {
			isa = XCBuildConfiguration;
			buildSettings = {
				BUNDLE_LOADER = "$(TEST_HOST)";
				CODE_SIGN_STYLE = Automatic;
				CURRENT_PROJECT_VERSION = 3;
				GENERATE_INFOPLIST_FILE = YES;
				LD_RUNPATH_SEARCH_PATHS = (
					"$(inherited)",
					"@loader_path/../Frameworks",
					"@loader_path/../../Frameworks",
				);
				MACOSX_DEPLOYMENT_TARGET = 15.0;
				PRODUCT_BUNDLE_IDENTIFIER = com.banana.MemBarTests;
				PRODUCT_NAME = MemBarTests;
				SWIFT_EMIT_LOC_STRINGS = NO;
				SWIFT_VERSION = 6.0;
				TEST_HOST = "$(BUILT_PRODUCTS_DIR)/MemBar.app/Contents/MacOS/MemBar";
			};
			name = Release;
		};
/* End XCBuildConfiguration section */

/* Begin XCConfigurationList section */
		45158B272FDA464B00EF6C65 /* Build configuration list for PBXProject "Monitor" */ = {
			isa = XCConfigurationList;
			buildConfigurations = (
				45158B352FDA464D00EF6C65 /* Debug configuration for PBXProject "Monitor" */,
				45158B362FDA464D00EF6C65 /* Release configuration for PBXProject "Monitor" */,
			);
			defaultConfigurationName = Release;
		};
		45158B372FDA464D00EF6C65 /* Build configuration list for PBXNativeTarget "Monitor" */ = {
			isa = XCConfigurationList;
			buildConfigurations = (
				45158B382FDA464D00EF6C65 /* Debug configuration for PBXNativeTarget "Monitor" */,
				45158B392FDA464D00EF6C65 /* Release configuration for PBXNativeTarget "Monitor" */,
			);
			defaultConfigurationName = Release;
		};
		A100000D2FDA500100EF6C65 /* Build configuration list for PBXNativeTarget "MemBarTests" */ = {
			isa = XCConfigurationList;
			buildConfigurations = (
				A100000B2FDA500100EF6C65 /* Debug configuration for PBXNativeTarget "MemBarTests" */,
				A100000C2FDA500100EF6C65 /* Release configuration for PBXNativeTarget "MemBarTests" */,
			);
			defaultConfigurationName = Release;
		};
/* End XCConfigurationList section */
	};
	rootObject = 45158B242FDA464B00EF6C65 /* Project object */;
	validationLevel = 1;
}
